
Microsoft Visual Studio Solution File, Format Version 12.00
# Visual Studio Version 16
VisualStudioVersion = 16.0.31702.278
MinimumVisualStudioVersion = 10.0.40219.1
Project("{2150E333-8FDC-42A3-9474-1A3956D46DE8}") = "Src", "Src", "{1ECF14FF-C321-46C5-8AF4-E803D574C146}"
EndProject
Project("{2150E333-8FDC-42A3-9474-1A3956D46DE8}") = "Doc", "Doc", "{8BACB203-BA82-4D0D-9667-10C2FCA751D6}"
EndProject
Project("{2150E333-8FDC-42A3-9474-1A3956D46DE8}") = "Tests", "Tests", "{56F803E5-D599-4EDC-A1D7-9DE827AC3E49}"
EndProject
Project("{2150E333-8FDC-42A3-9474-1A3956D46DE8}") = "Common", "Common", "{26F0CFC0-6E2D-4E9F-8707-C9016ED7DB78}"
EndProject
Project("{9A19103F-16F7-4668-BE54-9A1E7A4F7556}") = "OnlineShop.Common", "OnlineShop.Common\OnlineShop.Common.csproj", "{8D3F7AF2-50A7-451C-B612-C7DB1C32C527}"
EndProject
Project("{2150E333-8FDC-42A3-9474-1A3956D46DE8}") = "Core", "Core", "{973A7C62-CA28-4D1E-B50D-1C7AA126CFE2}"
EndProject
Project("{9A19103F-16F7-4668-BE54-9A1E7A4F7556}") = "OnlineShop.Application", "OnlineShop.Application\OnlineShop.Application.csproj", "{2B071D18-D7ED-4007-99A6-FF179E673D8E}"
EndProject
Project("{9A19103F-16F7-4668-BE54-9A1E7A4F7556}") = "OnlineShop.Domain", "OnlineShop.Domain\OnlineShop.Domain.csproj", "{4ECC571B-3F9A-4956-8288-B3E0754B1F10}"
EndProject
Project("{2150E333-8FDC-42A3-9474-1A3956D46DE8}") = "Infrastructure", "Infrastructure", "{0561A8CB-E426-4C77-AE93-1698266A2AF2}"
EndProject
Project("{9A19103F-16F7-4668-BE54-9A1E7A4F7556}") = "OnlineShop.Infrastructure", "OnlineShop.Infrastructure\OnlineShop.Infrastructure.csproj", "{DA437830-AC67-4DE6-9EA7-666187398C22}"
EndProject
Project("{9A19103F-16F7-4668-BE54-9A1E7A4F7556}") = "OnlineShop.Persistence", "OnlineShop.Persistence\OnlineShop.Persistence.csproj", "{B92DD6A3-1D7F-49DE-B51C-1222A41EB554}"
EndProject
Project("{2150E333-8FDC-42A3-9474-1A3956D46DE8}") = "Persentation", "Persentation", "{B7A94E0D-DA80-4F03-86E2-EE09176275FD}"
EndProject
Project("{9A19103F-16F7-4668-BE54-9A1E7A4F7556}") = "EndPoint.Site", "EndPoint.Site\EndPoint.Site.csproj", "{048D34BC-FF54-4591-8919-38D6C8A97EDB}"
EndProject
Project("{2150E333-8FDC-42A3-9474-1A3956D46DE8}") = "Solution Items", "Solution Items", "{6B23BA11-70B5-4689-973E-1D6B1ED9FC3C}"
	ProjectSection(SolutionItems) = preProject
		.gitignore = .gitignore
	EndProjectSection
EndProject
Global
	GlobalSection(SolutionConfigurationPlatforms) = preSolution
		Debug|Any CPU = Debug|Any CPU
		Release|Any CPU = Release|Any CPU
	EndGlobalSection
	GlobalSection(ProjectConfigurationPlatforms) = postSolution
		{8D3F7AF2-50A7-451C-B612-C7DB1C32C527}.Debug|Any CPU.ActiveCfg = Debug|Any CPU
		{8D3F7AF2-50A7-451C-B612-C7DB1C32C527}.Debug|Any CPU.Build.0 = Debug|Any CPU
		{8D3F7AF2-50A7-451C-B612-C7DB1C32C527}.Release|Any CPU.ActiveCfg = Release|Any CPU
		{8D3F7AF2-50A7-451C-B612-C7DB1C32C527}.Release|Any CPU.Build.0 = Release|Any CPU
		{2B071D18-D7ED-4007-99A6-FF179E673D8E}.Debug|Any CPU.ActiveCfg = Debug|Any CPU
		{2B071D18-D7ED-4007-99A6-FF179E673D8E}.Debug|Any CPU.Build.0 = Debug|Any CPU
		{2B071D18-D7ED-4007-99A6-FF179E673D8E}.Release|Any CPU.ActiveCfg = Release|Any CPU
		{2B071D18-D7ED-4007-99A6-FF179E673D8E}.Release|Any CPU.Build.0 = Release|Any CPU
		{4ECC571B-3F9A-4956-8288-B3E0754B1F10}.Debug|Any CPU.ActiveCfg = Debug|Any CPU
		{4ECC571B-3F9A-4956-8288-B3E0754B1F10}.Debug|Any CPU.Build.0 = Debug|Any CPU
		{4ECC571B-3F9A-4956-8288-B3E0754B1F10}.Release|Any CPU.ActiveCfg = Release|Any CPU
		{4ECC571B-3F9A-4956-8288-B3E0754B1F10}.Release|Any CPU.Build.0 = Release|Any CPU
		{DA437830-AC67-4DE6-9EA7-666187398C22}.Debug|Any CPU.ActiveCfg = Debug|Any CPU
		{DA437830-AC67-4DE6-9EA7-666187398C22}.Debug|Any CPU.Build.0 = Debug|Any CPU
		{DA437830-AC67-4DE6-9EA7-666187398C22}.Release|Any CPU.ActiveCfg = Release|Any CPU
		{DA437830-AC67-4DE6-9EA7-666187398C22}.Release|Any CPU.Build.0 = Release|Any CPU
		{B92DD6A3-1D7F-49DE-B51C-1222A41EB554}.Debug|Any CPU.ActiveCfg = Debug|Any CPU
		{B92DD6A3-1D7F-49DE-B51C-1222A41EB554}.Debug|Any CPU.Build.0 = Debug|Any CPU
		{B92DD6A3-1D7F-49DE-B51C-1222A41EB554}.Release|Any CPU.ActiveCfg = Release|Any CPU
		{B92DD6A3-1D7F-49DE-B51C-1222A41EB554}.Release|Any CPU.Build.0 = Release|Any CPU
		{048D34BC-FF54-4591-8919-38D6C8A97EDB}.Debug|Any CPU.ActiveCfg = Debug|Any CPU
		{048D34BC-FF54-4591-8919-38D6C8A97EDB}.Debug|Any CPU.Build.0 = Debug|Any CPU
		{048D34BC-FF54-4591-8919-38D6C8A97EDB}.Release|Any CPU.ActiveCfg = Release|Any CPU
		{048D34BC-FF54-4591-8919-38D6C8A97EDB}.Release|Any CPU.Build.0 = Release|Any CPU
	EndGlobalSection
	GlobalSection(SolutionProperties) = preSolution
		HideSolutionNode = FALSE
	EndGlobalSection
	GlobalSection(NestedProjects) = preSolution
		{26F0CFC0-6E2D-4E9F-8707-C9016ED7DB78} = {1ECF14FF-C321-46C5-8AF4-E803D574C146}
		{8D3F7AF2-50A7-451C-B612-C7DB1C32C527} = {26F0CFC0-6E2D-4E9F-8707-C9016ED7DB78}
		{973A7C62-CA28-4D1E-B50D-1C7AA126CFE2} = {1ECF14FF-C321-46C5-8AF4-E803D574C146}
		{2B071D18-D7ED-4007-99A6-FF179E673D8E} = {973A7C62-CA28-4D1E-B50D-1C7AA126CFE2}
		{4ECC571B-3F9A-4956-8288-B3E0754B1F10} = {973A7C62-CA28-4D1E-B50D-1C7AA126CFE2}
		{0561A8CB-E426-4C77-AE93-1698266A2AF2} = {1ECF14FF-C321-46C5-8AF4-E803D574C146}
		{DA437830-AC67-4DE6-9EA7-666187398C22} = {0561A8CB-E426-4C77-AE93-1698266A2AF2}
		{B92DD6A3-1D7F-49DE-B51C-1222A41EB554} = {0561A8CB-E426-4C77-AE93-1698266A2AF2}
		{B7A94E0D-DA80-4F03-86E2-EE09176275FD} = {1ECF14FF-C321-46C5-8AF4-E803D574C146}
		{048D34BC-FF54-4591-8919-38D6C8A97EDB} = {B7A94E0D-DA80-4F03-86E2-EE09176275FD}
	EndGlobalSection
	GlobalSection(ExtensibilityGlobals) = postSolution
		SolutionGuid = {BFC3C17A-C771-4279-BB1C-392B974D1708}
	EndGlobalSection
EndGlobal
